
Microsoft Visual Studio Solution File, Format Version 12.00
# Visual Studio Version 17
VisualStudioVersion = 17.8.34525.116
MinimumVisualStudioVersion = 10.0.40219.1
Project("{9A19103F-16F7-4668-BE54-9A1E7A4F7556}") = "Account Storage", "Account Storage\Account Storage.csproj", "{3B9A3F6A-027D-4860-8A95-8E35BA337A3C}"
EndProject
Global
	GlobalSection(SolutionConfigurationPlatforms) = preSolution
		Debug|Any CPU = Debug|Any CPU
		Release|Any CPU = Release|Any CPU
	EndGlobalSection
	GlobalSection(ProjectConfigurationPlatforms) = postSolution
		{3B9A3F6A-027D-4860-8A95-8E35BA337A3C}.Debug|Any CPU.ActiveCfg = Debug|Any CPU
		{3B9A3F6A-027D-4860-8A95-8E35BA337A3C}.Debug|Any CPU.Build.0 = Debug|Any CPU
		{3B9A3F6A-027D-4860-8A95-8E35BA337A3C}.Release|Any CPU.ActiveCfg = Release|Any CPU
		{3B9A3F6A-027D-4860-8A95-8E35BA337A3C}.Release|Any CPU.Build.0 = Release|Any CPU
	EndGlobalSection
	GlobalSection(SolutionProperties) = preSolution
		HideSolutionNode = FALSE
	EndGlobalSection
	GlobalSection(ExtensibilityGlobals) = postSolution
		SolutionGuid = {0C9F4EFD-0CAF-4FD1-8533-50D5271EA3D0}
	EndGlobalSection
EndGlobal
